
Microsoft Visual Studio Solution File, Format Version 11.00
# Visual Studio 2010
Project("{FAE04EC0-301F-11D3-BF4B-00C04F79EFBC}") = "Coodle", "Coodle\Coodle.csproj", "{77A54D10-AC57-43F4-B6AA-D302C2FDA3A5}"
EndProject
Project("{FAE04EC0-301F-11D3-BF4B-00C04F79EFBC}") = "Core", "Core\Core.csproj", "{2542255B-7329-4204-8290-55AA9E2A6301}"
EndProject
Project("{2150E333-8FDC-42A3-9474-1A3956D46DE8}") = "tools", "tools", "{9A16E7FD-BF4F-43C7-8B52-93EF95205B80}"
EndProject
Project("{FAE04EC0-301F-11D3-BF4B-00C04F79EFBC}") = "PhysicalDiskFileParser", "PhysicalDiskFileParser\PhysicalDiskFileParser.csproj", "{D36B0541-295F-4582-BECA-08546EB96932}"
EndProject
Global
	GlobalSection(SolutionConfigurationPlatforms) = preSolution
		Debug|Any CPU = Debug|Any CPU
		Debug|Mixed Platforms = Debug|Mixed Platforms
		Debug|x86 = Debug|x86
		Release|Any CPU = Release|Any CPU
		Release|Mixed Platforms = Release|Mixed Platforms
		Release|x86 = Release|x86
	EndGlobalSection
	GlobalSection(ProjectConfigurationPlatforms) = postSolution
		{77A54D10-AC57-43F4-B6AA-D302C2FDA3A5}.Debug|Any CPU.ActiveCfg = Debug|Any CPU
		{77A54D10-AC57-43F4-B6AA-D302C2FDA3A5}.Debug|Any CPU.Build.0 = Debug|Any CPU
		{77A54D10-AC57-43F4-B6AA-D302C2FDA3A5}.Debug|Mixed Platforms.ActiveCfg = Debug|Any CPU
		{77A54D10-AC57-43F4-B6AA-D302C2FDA3A5}.Debug|Mixed Platforms.Build.0 = Debug|Any CPU
		{77A54D10-AC57-43F4-B6AA-D302C2FDA3A5}.Debug|x86.ActiveCfg = Debug|Any CPU
		{77A54D10-AC57-43F4-B6AA-D302C2FDA3A5}.Release|Any CPU.ActiveCfg = Release|Any CPU
		{77A54D10-AC57-43F4-B6AA-D302C2FDA3A5}.Release|Any CPU.Build.0 = Release|Any CPU
		{77A54D10-AC57-43F4-B6AA-D302C2FDA3A5}.Release|Mixed Platforms.ActiveCfg = Release|Any CPU
		{77A54D10-AC57-43F4-B6AA-D302C2FDA3A5}.Release|Mixed Platforms.Build.0 = Release|Any CPU
		{77A54D10-AC57-43F4-B6AA-D302C2FDA3A5}.Release|x86.ActiveCfg = Release|Any CPU
		{2542255B-7329-4204-8290-55AA9E2A6301}.Debug|Any CPU.ActiveCfg = Debug|Any CPU
		{2542255B-7329-4204-8290-55AA9E2A6301}.Debug|Any CPU.Build.0 = Debug|Any CPU
		{2542255B-7329-4204-8290-55AA9E2A6301}.Debug|Mixed Platforms.ActiveCfg = Debug|Any CPU
		{2542255B-7329-4204-8290-55AA9E2A6301}.Debug|Mixed Platforms.Build.0 = Debug|Any CPU
		{2542255B-7329-4204-8290-55AA9E2A6301}.Debug|x86.ActiveCfg = Debug|Any CPU
		{2542255B-7329-4204-8290-55AA9E2A6301}.Release|Any CPU.ActiveCfg = Release|Any CPU
		{2542255B-7329-4204-8290-55AA9E2A6301}.Release|Any CPU.Build.0 = Release|Any CPU
		{2542255B-7329-4204-8290-55AA9E2A6301}.Release|Mixed Platforms.ActiveCfg = Release|Any CPU
		{2542255B-7329-4204-8290-55AA9E2A6301}.Release|Mixed Platforms.Build.0 = Release|Any CPU
		{2542255B-7329-4204-8290-55AA9E2A6301}.Release|x86.ActiveCfg = Release|Any CPU
		{D36B0541-295F-4582-BECA-08546EB96932}.Debug|Any CPU.ActiveCfg = Debug|x86
		{D36B0541-295F-4582-BECA-08546EB96932}.Debug|Mixed Platforms.ActiveCfg = Debug|x86
		{D36B0541-295F-4582-BECA-08546EB96932}.Debug|Mixed Platforms.Build.0 = Debug|x86
		{D36B0541-295F-4582-BECA-08546EB96932}.Debug|x86.ActiveCfg = Debug|x86
		{D36B0541-295F-4582-BECA-08546EB96932}.Debug|x86.Build.0 = Debug|x86
		{D36B0541-295F-4582-BECA-08546EB96932}.Release|Any CPU.ActiveCfg = Release|x86
		{D36B0541-295F-4582-BECA-08546EB96932}.Release|Mixed Platforms.ActiveCfg = Release|x86
		{D36B0541-295F-4582-BECA-08546EB96932}.Release|Mixed Platforms.Build.0 = Release|x86
		{D36B0541-295F-4582-BECA-08546EB96932}.Release|x86.ActiveCfg = Release|x86
		{D36B0541-295F-4582-BECA-08546EB96932}.Release|x86.Build.0 = Release|x86
	EndGlobalSection
	GlobalSection(SolutionProperties) = preSolution
		HideSolutionNode = FALSE
	EndGlobalSection
	GlobalSection(NestedProjects) = preSolution
		{D36B0541-295F-4582-BECA-08546EB96932} = {9A16E7FD-BF4F-43C7-8B52-93EF95205B80}
	EndGlobalSection
EndGlobal
